
Microsoft Visual Studio Solution File, Format Version 12.00
# Visual Studio Version 16
VisualStudioVersion = 16.0.31410.357
MinimumVisualStudioVersion = 10.0.40219.1
Project("{FAE04EC0-301F-11D3-BF4B-00C04F79EFBC}") = "Discord-ScamBot-Detection", "Discord-ScamBot-Detection\Discord-ScamBot-Detection.csproj", "{F91F0141-DC01-49A1-8D3B-E48AD03B6D21}"
EndProject
Global
	GlobalSection(SolutionConfigurationPlatforms) = preSolution
		Debug|Any CPU = Debug|Any CPU
		Release|Any CPU = Release|Any CPU
	EndGlobalSection
	GlobalSection(ProjectConfigurationPlatforms) = postSolution
		{F91F0141-DC01-49A1-8D3B-E48AD03B6D21}.Debug|Any CPU.ActiveCfg = Debug|Any CPU
		{F91F0141-DC01-49A1-8D3B-E48AD03B6D21}.Debug|Any CPU.Build.0 = Debug|Any CPU
		{F91F0141-DC01-49A1-8D3B-E48AD03B6D21}.Release|Any CPU.ActiveCfg = Release|Any CPU
		{F91F0141-DC01-49A1-8D3B-E48AD03B6D21}.Release|Any CPU.Build.0 = Release|Any CPU
	EndGlobalSection
	GlobalSection(SolutionProperties) = preSolution
		HideSolutionNode = FALSE
	EndGlobalSection
	GlobalSection(ExtensibilityGlobals) = postSolution
		SolutionGuid = {C2E978AE-A883-4B7F-8717-F288DA605217}
	EndGlobalSection
EndGlobal
